Microsoft Visual Studio Solution File, Format Version 12.00
# Visual Studio Version 17
VisualStudioVersion = 17.5.2.0
MinimumVisualStudioVersion = 10.0.40219.1
Project("{FAE04EC0-301F-11D3-BF4B-00C04F79EFBC}") = "AC21", "AC21.csproj", "{D97FECF7-18B9-2D09-89F0-8CF6D8D34D99}"
EndProject
Global
	GlobalSection(SolutionConfigurationPlatforms) = preSolution
		Debug|Any CPU = Debug|Any CPU
		Release|Any CPU = Release|Any CPU
	EndGlobalSection
	GlobalSection(ProjectConfigurationPlatforms) = postSolution
		{D97FECF7-18B9-2D09-89F0-8CF6D8D34D99}.Debug|Any CPU.ActiveCfg = Debug|Any CPU
		{D97FECF7-18B9-2D09-89F0-8CF6D8D34D99}.Debug|Any CPU.Build.0 = Debug|Any CPU
		{D97FECF7-18B9-2D09-89F0-8CF6D8D34D99}.Release|Any CPU.ActiveCfg = Release|Any CPU
		{D97FECF7-18B9-2D09-89F0-8CF6D8D34D99}.Release|Any CPU.Build.0 = Release|Any CPU
	EndGlobalSection
	GlobalSection(SolutionProperties) = preSolution
		HideSolutionNode = FALSE
	EndGlobalSection
	GlobalSection(ExtensibilityGlobals) = postSolution
		SolutionGuid = {E7DFE4EF-8E2E-43A2-9D7F-C2E9BEADD24C}
	EndGlobalSection
EndGlobal
